{
    "_meta": {
        "hash": {
            "sha256": "aa7f5fdf934909abd00a36f8171973a76fde8b5aedf710d894654e759183c202"
        },
        "pipfile-spec": 6,
        "requires": {
            "python_version": "3.9"
        },
        "sources": [
            {
                "name": "pypi",
                "url": "https://pypi.org/simple",
                "verify_ssl": true
            }
        ]
    },
    "default": {
        "asgiref": {
            "hashes": [
                "sha256:89b2ef2247e3b562a16eef663bc0e2e703ec6468e2fa8a5cd61cd449786d4f6e",
                "sha256:9e0ce3aa93a819ba5b45120216b23878cf6e8525eb3848653452b4192b92afed"
            ],
            "markers": "python_version >= '3.7'",
            "version": "==3.7.2"
        },
        "django": {
            "hashes": [
                "sha256:8e0f1c2c2786b5c0e39fe1afce24c926040fad47c8ea8ad30aaf1188df29fc41",
                "sha256:e1d37c51ad26186de355cbcec16613ebdabfa9689bbade9c538835205a8abbe9"
            ],
            "index": "pypi",
            "markers": "python_version >= '3.8'",
            "version": "==4.2.7"
        },
        "django-cors-headers": {
            "hashes": [
                "sha256:0b1fd19297e37417fc9f835d39e45c8c642938ddba1acce0c1753d3edef04f36",
                "sha256:0bf65ef45e606aff1994d35503e6b677c0b26cafff6506f8fd7187f3be840207"
            ],
            "index": "pypi",
            "markers": "python_version >= '3.8'",
            "version": "==4.3.1"
        },
        "djangorestframework": {
            "hashes": [
                "sha256:579a333e6256b09489cbe0a067e66abe55c6595d8926be6b99423786334350c8",
                "sha256:eb63f58c9f218e1a7d064d17a70751f528ed4e1d35547fdade9aaf4cd103fd08"
            ],
            "index": "pypi",
            "markers": "python_version >= '3.6'",
            "version": "==3.14.0"
        },
        "pytz": {
            "hashes": [
                "sha256:631d7ae2ed4365d7196a35d3cc0f6d382f7bd3361fb24c894f8f92b4da5db27d",
                "sha256:8e4c5dfca8d11c0b8a66dfd8a4e3fc1c6aa7ea188d10907ff91c942f4b52ed66"
            ],
            "index": "pypi",
            "markers": "python_version >= '3.7'",
            "version": "==5.3.0"
        },
        "mysqlclient": {
            "hashes": [
                "sha256:004fe1d30d2c2ff8072f8ea513bcec235fd9b896f70dad369461d0ad7e570e98",
                "sha256:04368445f9c487d8abb7a878e3d23e923e6072c04a6c320f9e0dc8a82efba14e",
                "sha256:530ece9995a36cadb6211b9787f0c9e05cdab6702549bdb4236af5e9b535ed6a",
                "sha256:5670679ff1be1cc3fef0fa81bf39f0cd70605ba121141050f02743eb878ac114",
                "sha256:68837b6bb23170acffb43ae411e47533a560b6360c06dac39aa55700972c93b2",
                "sha256:955dba905a7443ce4788c63fdb9f8d688316260cf60b20ff51ac3b1c77616ede",
                "sha256:9c6b142836c7dba4f723bf9c93cc46b6e5081d65b2af807f400dda9eb85a16d0"
            ],
            "markers": "python_version >= '3.8'",
            "version": "==2.2.0"
        },
        "pyjwt": {
            "hashes": [
                "sha256:57e28d156e3d5c10088e0c68abb90bfac3df82b40a71bd0daa20c65ccd5c23de",
                "sha256:59127c392cc44c2da5bb3192169a91f429924e17aff6534d70fdc02ab3e04320"
            ],
            "markers": "python_version >= '3.7'",
            "version": "==2.8.0"
        },
        "pytz": {
            "hashes": [
                "sha256:7b4fddbeb94a1eba4b557da24f19fdf9db575192544270a9101d8509f9f43d7b",
                "sha256:ce42d816b81b68506614c11e8937d3aa9e41007ceb50bfdcb0749b921bf646c7"
            ],
            "version": "==2023.3.post1"
        },
        "sqlparse": {
            "hashes": [
                "sha256:5430a4fe2ac7d0f93e66f1efc6e1338a41884b7ddf2a350cedd20ccc4d9d28f3",
                "sha256:d446183e84b8349fa3061f0fe7f06ca94ba65b426946ffebe6e3e8295332420c"
            ],
            "markers": "python_version >= '3.5'",
            "version": "==0.4.4"
        },
        "tenacity": {
            "hashes": [
                "sha256:5398ef0d78e63f40007c1fb4c0bff96e1911394d2fa8d194f77619c05ff6cc8a",
                "sha256:ce510e327a630c9e1beaf17d42e6ffacc88185044ad85cf74c0a8887c6a0f88c"
            ],
            "markers": "python_version >= '3.7'",
            "version": "==8.2.3"
        },
        "tiktoken": {
            "hashes": [
                "sha256:1f2b3b253e22322b7f53a111e1f6d7ecfa199b4f08f3efdeb0480f4033b5cdc6",
                "sha256:1fe99953b63aabc0c9536fbc91c3c9000d78e4755edc28cc2e10825372046a2d",
                "sha256:27e773564232004f4f810fd1f85236673ec3a56ed7f1206fc9ed8670ebedb97a",
                "sha256:2b0bae3fd56de1c0a5874fb6577667a3c75bf231a6cef599338820210c16e40a",
                "sha256:2b756a65d98b7cf760617a6b68762a23ab8b6ef79922be5afdb00f5e8a9f4e76",
                "sha256:323cec0031358bc09aa965c2c5c1f9f59baf76e5b17e62dcc06d1bb9bc3a3c7c",
                "sha256:426e7def5f3f23645dada816be119fa61e587dfb4755de250e136b47a045c365",
                "sha256:43ce0199f315776dec3ea7bf86f35df86d24b6fcde1babd3e53c38f17352442f",
                "sha256:46b8554b9f351561b1989157c6bb54462056f3d44e43aa4e671367c5d62535fc",
                "sha256:5abd9436f02e2c8eda5cce2ff8015ce91f33e782a7423de2a1859f772928f714",
                "sha256:5d5a187ff9c786fae6aadd49f47f019ff19e99071dc5b0fe91bfecc94d37c686",
                "sha256:709a5220891f2b56caad8327fab86281787704931ed484d9548f65598dea9ce4",
                "sha256:714efb2f4a082635d9f5afe0bf7e62989b72b65ac52f004eb7ac939f506c03a4",
                "sha256:74c90d2be0b4c1a2b3f7dde95cd976757817d4df080d6af0ee8d461568c2e2ad",
                "sha256:779c4dea5edd1d3178734d144d32231e0b814976bec1ec09636d1003ffe4725f",
                "sha256:7ef730db4097f5b13df8d960f7fdda2744fe21d203ea2bb80c120bb58661b155",
                "sha256:8079ac065572fe0e7c696dbd63e1fdc12ce4cdca9933935d038689d4732451df",
                "sha256:92ed3bbf71a175a6a4e5fbfcdb2c422bdd72d9b20407e00f435cf22a68b4ea9b",
                "sha256:9b180a22db0bbcc447f691ffc3cf7a580e9e0587d87379e35e58b826ebf5bc7b",
                "sha256:a10488d1d1a5f9c9d2b2052fdb4cf807bba545818cb1ef724a7f5d44d9f7c3d4",
                "sha256:a84657c083d458593c0235926b5c993eec0b586a2508d6a2020556e5347c2f0d",
                "sha256:b5dcfcf9bfb798e86fbce76d40a1d5d9e3f92131aecfa3d1e5c9ea1a20f1ef1a",
                "sha256:ba9873c253ca1f670e662192a0afcb72b41e0ba3e730f16c665099e12f4dac2d",
                "sha256:c008375c0f3d97c36e81725308699116cd5804fdac0f9b7afc732056329d2790",
                "sha256:dcdc630461927718b317e6f8be7707bd0fc768cee1fdc78ddaa1e93f4dc6b2b1",
                "sha256:e21840043dbe2e280e99ad41951c00eff8ee3b63daf57cd4c1508a3fd8583ea2",
                "sha256:e4c73d47bdc1a3f1f66ffa019af0386c48effdc6e8797e5e76875f6388ff72e9",
                "sha256:e529578d017045e2f0ed12d2e00e7e99f780f477234da4aae799ec4afca89f37",
                "sha256:edd2ffbb789712d83fee19ab009949f998a35c51ad9f9beb39109357416344ff"
            ],
            "index": "pypi",
            "markers": "python_version >= '3.8'",
            "version": "==0.5.1"
        },
        "tqdm": {
            "hashes": [
                "sha256:d302b3c5b53d47bce91fea46679d9c3c6508cf6332229aa1e7d8653723793386",
                "sha256:d88e651f9db8d8551a62556d3cff9e3034274ca5d66e93197cf2490e2dcb69c7"
            ],
            "markers": "python_version >= '3.7'",
            "version": "==4.66.1"
        },
        "typing-extensions": {
            "hashes": [
                "sha256:8f92fc8806f9a6b641eaa5318da32b44d401efaac0f6678c9bc448ba3605faa0",
                "sha256:df8e4339e9cb77357558cbdbceca33c303714cf861d1eef15e1070055ae8b7ef"
            ],
            "markers": "python_version < '3.11'",
            "version": "==4.8.0"
        },
        "typing-inspect": {
            "hashes": [
                "sha256:9ee6fc59062311ef8547596ab6b955e1b8aa46242d854bfc78f4f6b0eff35f9f",
                "sha256:b23fc42ff6f6ef6954e4852c1fb512cdd18dbea03134f91f856a95ccc9461f78"
            ],
            "version": "==0.9.0"
        },
        "tzdata": {
            "hashes": [
                "sha256:11ef1e08e54acb0d4f95bdb1be05da659673de4acbd21bf9c69e94cc5e907a3a",
                "sha256:7e65763eef3120314099b6939b5546db7adce1e7d6f2e179e3df563c70511eda"
            ],
            "markers": "sys_platform == 'win32'",
            "version": "==2023.3"
        },
        "urllib3": {
            "hashes": [
                "sha256:55901e917a5896a349ff771be919f8bd99aff50b79fe58fec595eb37bbc56bb3",
                "sha256:df7aa8afb0148fa78488e7899b2c59b5f4ffcfa82e6c54ccb9dd37c1d7b52d54"
            ],
            "markers": "python_version >= '3.8'",
            "version": "==2.1.0"
        },
        "yarl": {
            "hashes": [
                "sha256:09c19e5f4404574fcfb736efecf75844ffe8610606f3fccc35a1515b8b6712c4",
                "sha256:0ab5baaea8450f4a3e241ef17e3d129b2143e38a685036b075976b9c415ea3eb",
                "sha256:0d155a092bf0ebf4a9f6f3b7a650dc5d9a5bbb585ef83a52ed36ba46f55cc39d",
                "sha256:126638ab961633f0940a06e1c9d59919003ef212a15869708dcb7305f91a6732",
                "sha256:1a0a4f3aaa18580038cfa52a7183c8ffbbe7d727fe581300817efc1e96d1b0e9",
                "sha256:1d93461e2cf76c4796355494f15ffcb50a3c198cc2d601ad8d6a96219a10c363",
                "sha256:26a1a8443091c7fbc17b84a0d9f38de34b8423b459fb853e6c8cdfab0eacf613",
                "sha256:271d63396460b6607b588555ea27a1a02b717ca2e3f2cf53bdde4013d7790929",
                "sha256:28a108cb92ce6cf867690a962372996ca332d8cda0210c5ad487fe996e76b8bb",
                "sha256:29beac86f33d6c7ab1d79bd0213aa7aed2d2f555386856bb3056d5fdd9dab279",
                "sha256:2c757f64afe53a422e45e3e399e1e3cf82b7a2f244796ce80d8ca53e16a49b9f",
                "sha256:2dad8166d41ebd1f76ce107cf6a31e39801aee3844a54a90af23278b072f1ccf",
                "sha256:2dc72e891672343b99db6d497024bf8b985537ad6c393359dc5227ef653b2f17",
                "sha256:2f3c8822bc8fb4a347a192dd6a28a25d7f0ea3262e826d7d4ef9cc99cd06d07e",
                "sha256:32435d134414e01d937cd9d6cc56e8413a8d4741dea36af5840c7750f04d16ab",
                "sha256:3cfa4dbe17b2e6fca1414e9c3bcc216f6930cb18ea7646e7d0d52792ac196808",
                "sha256:3d5434b34100b504aabae75f0622ebb85defffe7b64ad8f52b8b30ec6ef6e4b9",
                "sha256:4003f380dac50328c85e85416aca6985536812c082387255c35292cb4b41707e",
                "sha256:44e91a669c43f03964f672c5a234ae0d7a4d49c9b85d1baa93dec28afa28ffbd",
                "sha256:4a14907b597ec55740f63e52d7fee0e9ee09d5b9d57a4f399a7423268e457b57",
                "sha256:4ce77d289f8d40905c054b63f29851ecbfd026ef4ba5c371a158cfe6f623663e",
                "sha256:4d6d74a97e898c1c2df80339aa423234ad9ea2052f66366cef1e80448798c13d",
                "sha256:51382c72dd5377861b573bd55dcf680df54cea84147c8648b15ac507fbef984d",
                "sha256:525cd69eff44833b01f8ef39aa33a9cc53a99ff7f9d76a6ef6a9fb758f54d0ff",
                "sha256:53ec65f7eee8655bebb1f6f1607760d123c3c115a324b443df4f916383482a67",
                "sha256:5f74b015c99a5eac5ae589de27a1201418a5d9d460e89ccb3366015c6153e60a",
                "sha256:6280353940f7e5e2efaaabd686193e61351e966cc02f401761c4d87f48c89ea4",
                "sha256:632c7aeb99df718765adf58eacb9acb9cbc555e075da849c1378ef4d18bf536a",
                "sha256:6465d36381af057d0fab4e0f24ef0e80ba61f03fe43e6eeccbe0056e74aadc70",
                "sha256:66a6dbf6ca7d2db03cc61cafe1ee6be838ce0fbc97781881a22a58a7c5efef42",
                "sha256:6d350388ba1129bc867c6af1cd17da2b197dff0d2801036d2d7d83c2d771a682",
                "sha256:7217234b10c64b52cc39a8d82550342ae2e45be34f5bff02b890b8c452eb48d7",
                "sha256:721ee3fc292f0d069a04016ef2c3a25595d48c5b8ddc6029be46f6158d129c92",
                "sha256:72a57b41a0920b9a220125081c1e191b88a4cdec13bf9d0649e382a822705c65",
                "sha256:73cc83f918b69110813a7d95024266072d987b903a623ecae673d1e71579d566",
                "sha256:778df71c8d0c8c9f1b378624b26431ca80041660d7be7c3f724b2c7a6e65d0d6",
                "sha256:79e1df60f7c2b148722fb6cafebffe1acd95fd8b5fd77795f56247edaf326752",
                "sha256:7c86d0d0919952d05df880a1889a4f0aeb6868e98961c090e335671dea5c0361",
                "sha256:7eaf13af79950142ab2bbb8362f8d8d935be9aaf8df1df89c86c3231e4ff238a",
                "sha256:828235a2a169160ee73a2fcfb8a000709edf09d7511fccf203465c3d5acc59e4",
                "sha256:8535e111a064f3bdd94c0ed443105934d6f005adad68dd13ce50a488a0ad1bf3",
                "sha256:88d2c3cc4b2f46d1ba73d81c51ec0e486f59cc51165ea4f789677f91a303a9a7",
                "sha256:8a2538806be846ea25e90c28786136932ec385c7ff3bc1148e45125984783dc6",
                "sha256:8dab30b21bd6fb17c3f4684868c7e6a9e8468078db00f599fb1c14e324b10fca",
                "sha256:8f18a7832ff85dfcd77871fe677b169b1bc60c021978c90c3bb14f727596e0ae",
                "sha256:946db4511b2d815979d733ac6a961f47e20a29c297be0d55b6d4b77ee4b298f6",
                "sha256:96758e56dceb8a70f8a5cff1e452daaeff07d1cc9f11e9b0c951330f0a2396a7",
                "sha256:9a172c3d5447b7da1680a1a2d6ecdf6f87a319d21d52729f45ec938a7006d5d8",
                "sha256:9a5211de242754b5e612557bca701f39f8b1a9408dff73c6db623f22d20f470e",
                "sha256:9df9a0d4c5624790a0dea2e02e3b1b3c69aed14bcb8650e19606d9df3719e87d",
                "sha256:aa4643635f26052401750bd54db911b6342eb1a9ac3e74f0f8b58a25d61dfe41",
                "sha256:aed37db837ecb5962469fad448aaae0f0ee94ffce2062cf2eb9aed13328b5196",
                "sha256:af52725c7c39b0ee655befbbab5b9a1b209e01bb39128dce0db226a10014aacc",
                "sha256:b0b8c06afcf2bac5a50b37f64efbde978b7f9dc88842ce9729c020dc71fae4ce",
                "sha256:b61e64b06c3640feab73fa4ff9cb64bd8182de52e5dc13038e01cfe674ebc321",
                "sha256:b7831566595fe88ba17ea80e4b61c0eb599f84c85acaa14bf04dd90319a45b90",
                "sha256:b8bc5b87a65a4e64bc83385c05145ea901b613d0d3a434d434b55511b6ab0067",
                "sha256:b8d51817cf4b8d545963ec65ff06c1b92e5765aa98831678d0e2240b6e9fd281",
                "sha256:b9f9cafaf031c34d95c1528c16b2fa07b710e6056b3c4e2e34e9317072da5d1a",
                "sha256:bb72d2a94481e7dc7a0c522673db288f31849800d6ce2435317376a345728225",
                "sha256:c25ec06e4241e162f5d1f57c370f4078797ade95c9208bd0c60f484834f09c96",
                "sha256:c405d482c320a88ab53dcbd98d6d6f32ada074f2d965d6e9bf2d823158fa97de",
                "sha256:c4472fe53ebf541113e533971bd8c32728debc4c6d8cc177f2bff31d011ec17e",
                "sha256:c4b1efb11a8acd13246ffb0bee888dd0e8eb057f8bf30112e3e21e421eb82d4a",
                "sha256:c5f3faeb8100a43adf3e7925d556801d14b5816a0ac9e75e22948e787feec642",
                "sha256:c6f034386e5550b5dc8ded90b5e2ff7db21f0f5c7de37b6efc5dac046eb19c10",
                "sha256:c99ddaddb2fbe04953b84d1651149a0d85214780e4d0ee824e610ab549d98d92",
                "sha256:ca6b66f69e30f6e180d52f14d91ac854b8119553b524e0e28d5291a724f0f423",
                "sha256:cccdc02e46d2bd7cb5f38f8cc3d9db0d24951abd082b2f242c9e9f59c0ab2af3",
                "sha256:cd49a908cb6d387fc26acee8b7d9fcc9bbf8e1aca890c0b2fdfd706057546080",
                "sha256:cf7a4e8de7f1092829caef66fd90eaf3710bc5efd322a816d5677b7664893c93",
                "sha256:cfd77e8e5cafba3fb584e0f4b935a59216f352b73d4987be3af51f43a862c403",
                "sha256:d34c4f80956227f2686ddea5b3585e109c2733e2d4ef12eb1b8b4e84f09a2ab6",
                "sha256:d61a0ca95503867d4d627517bcfdc28a8468c3f1b0b06c626f30dd759d3999fd",
                "sha256:d81657b23e0edb84b37167e98aefb04ae16cbc5352770057893bd222cdc6e45f",
                "sha256:d92d897cb4b4bf915fbeb5e604c7911021a8456f0964f3b8ebbe7f9188b9eabb",
                "sha256:dd318e6b75ca80bff0b22b302f83a8ee41c62b8ac662ddb49f67ec97e799885d",
                "sha256:dd952b9c64f3b21aedd09b8fe958e4931864dba69926d8a90c90d36ac4e28c9a",
                "sha256:e0e7e83f31e23c5d00ff618045ddc5e916f9e613d33c5a5823bc0b0a0feb522f",
                "sha256:e0f17d1df951336a02afc8270c03c0c6e60d1f9996fcbd43a4ce6be81de0bd9d",
                "sha256:e2a16ef5fa2382af83bef4a18c1b3bcb4284c4732906aa69422cf09df9c59f1f",
                "sha256:e36021db54b8a0475805acc1d6c4bca5d9f52c3825ad29ae2d398a9d530ddb88",
                "sha256:e73db54c967eb75037c178a54445c5a4e7461b5203b27c45ef656a81787c0c1b",
                "sha256:e741bd48e6a417bdfbae02e088f60018286d6c141639359fb8df017a3b69415a",
                "sha256:f7271d6bd8838c49ba8ae647fc06469137e1c161a7ef97d778b72904d9b68696",
                "sha256:fc391e3941045fd0987c77484b2799adffd08e4b6735c4ee5f054366a2e1551d",
                "sha256:fc94441bcf9cb8c59f51f23193316afefbf3ff858460cb47b5758bf66a14d130",
                "sha256:fe34befb8c765b8ce562f0200afda3578f8abb159c76de3ab354c80b72244c41",
                "sha256:fe8080b4f25dfc44a86bedd14bc4f9d469dfc6456e6f3c5d9077e81a5fedfba7",
                "sha256:ff34cb09a332832d1cf38acd0f604c068665192c6107a439a92abfd8acf90fe2"
            ],
            "markers": "python_version >= '3.7'",
            "version": "==1.9.3"
        }
    },
    "develop": {}
}
